PODS:
  - Alamofire (4.9.1)
  - CardParts (3.1.0):
    - RxCocoa (~> 5.0)
    - RxDataSources (~> 4.0)
    - RxGesture (~> 3.0)
    - RxSwift (~> 5.0)
  - Differentiator (4.0.1)
  - NVActivityIndicatorView (4.8.0):
    - NVActivityIndicatorView/Presenter (= 4.8.0)
  - NVActivityIndicatorView/Presenter (4.8.0)
  - RxCocoa (5.1.1):
    - RxRelay (~> 5)
    - RxSwift (~> 5)
  - RxDataSources (4.0.1):
    - Differentiator (~> 4.0)
    - RxCocoa (~> 5.0)
    - RxSwift (~> 5.0)
  - RxGesture (3.0.2):
    - RxCocoa (~> 5.1)
    - RxSwift (~> 5.1)
  - RxRelay (5.1.1):
    - RxSwift (~> 5)
  - RxSwift (5.1.1)
  - SwiftMessages (7.0.1):
    - SwiftMessages/App (= 7.0.1)
  - SwiftMessages/App (7.0.1)
  - SwiftyJSON (4.3.0)

DEPENDENCIES:
  - Alamofire (~> 4.7)
  - CardParts
  - NVActivityIndicatorView
  - SwiftMessages
  - SwiftyJSON (~> 4.0)

SPEC REPOS:
  trunk:
    - Alamofire
    - CardParts
    - Differentiator
    - NVActivityIndicatorView
    - RxCocoa
    - RxDataSources
    - RxGesture
    - RxRelay
    - RxSwift
    - SwiftMessages
    - SwiftyJSON

SPEC CHECKSUMS:
  Alamofire: 85e8a02c69d6020a0d734f6054870d7ecb75cf18
  CardParts: bced011d0a3522a5e3a806880acb86001ae4727d
  Differentiator: 886080237d9f87f322641dedbc5be257061b0602
  NVActivityIndicatorView: d24b7ebcf80af5dcd994adb650e2b6c93379270f
  RxCocoa: 32065309a38d29b5b0db858819b5bf9ef038b601
  RxDataSources: efee07fa4de48477eca0a4611e6d11e2da9c1114
  RxGesture: d6bd7447ca3a596c7a9702a6a2b6a2bb5d8bae54
  RxRelay: d77f7d771495f43c556cbc43eebd1bb54d01e8e9
  RxSwift: 81470a2074fa8780320ea5fe4102807cb7118178
  SwiftMessages: b577dc7043be8b299857ab35bb663dbff6483bd0
  SwiftyJSON: 6faa0040f8b59dead0ee07436cbf76b73c08fd08

PODFILE CHECKSUM: c19b4671e138ea57b7457fc62f3eaf8ab63fff7a

COCOAPODS: 1.9.3
